<?xml version="1.0" encoding="utf-8"?>
<Project ToolsVersion="4.0" xmlns="http://schemas.microsoft.com/developer/msbuild/2003">
  <ItemGroup>
    <Filter Include="BWAPIClient">
      <UniqueIdentifier>{5dab52b2-4dcd-4e0b-bcf7-688cff36315b}</UniqueIdentifier>
    </Filter>
    <Filter Include="BWAPILIB">
      <UniqueIdentifier>{a2e227c5-67bf-4374-90c6-898f42f41a7c}</UniqueIdentifier>
    </Filter>
    <Filter Include="Shared">
      <UniqueIdentifier>{d83241ff-2bc8-4721-900e-c75a5b1495b8}</UniqueIdentifier>
    </Filter>
  </ItemGroup>
  <ItemGroup>
    <ClCompile Include="..\src\bwapi\BWAPIClient\BulletImpl.cpp" />
    <ClCompile Include="..\src\bwapi\BWAPIClient\Client.cpp" />
    <ClCompile Include="..\src\bwapi\BWAPIClient\ForceImpl.cpp" />
    <ClCompile Include="..\src\bwapi\BWAPIClient\GameImpl.cpp" />
    <ClCompile Include="..\src\bwapi\BWAPIClient\PlayerImpl.cpp" />
    <ClCompile Include="..\src\bwapi\BWAPIClient\RegionImpl.cpp" />
    <ClCompile Include="..\src\bwapi\BWAPIClient\UnitImpl.cpp" />
    <ClCompile Include="..\src\bwapi\BWAPILIB\AIModule.cpp" />
    <ClCompile Include="..\src\bwapi\BWAPILIB\BroodwarOutputDevice.cpp" />
    <ClCompile Include="..\src\bwapi\BWAPILIB\BulletType.cpp" />
    <ClCompile Include="..\src\bwapi\BWAPILIB\BWAPI.cpp" />
    <ClCompile Include="..\src\bwapi\BWAPILIB\Color.cpp" />
    <ClCompile Include="..\src\bwapi\BWAPILIB\DamageType.cpp" />
    <ClCompile Include="..\src\bwapi\BWAPILIB\Error.cpp" />
    <ClCompile Include="..\src\bwapi\BWAPILIB\Event.cpp" />
    <ClCompile Include="..\src\bwapi\BWAPILIB\ExplosionType.cpp" />
    <ClCompile Include="..\src\bwapi\BWAPILIB\Filters.cpp" />
    <ClCompile Include="..\src\bwapi\BWAPILIB\Forceset.cpp" />
    <ClCompile Include="..\src\bwapi\BWAPILIB\Game.cpp" />
    <ClCompile Include="..\src\bwapi\BWAPILIB\GameType.cpp" />
    <ClCompile Include="..\src\bwapi\BWAPILIB\Order.cpp" />
    <ClCompile Include="..\src\bwapi\BWAPILIB\Player.cpp" />
    <ClCompile Include="..\src\bwapi\BWAPILIB\Playerset.cpp" />
    <ClCompile Include="..\src\bwapi\BWAPILIB\PlayerType.cpp" />
    <ClCompile Include="..\src\bwapi\BWAPILIB\Position.cpp" />
    <ClCompile Include="..\src\bwapi\BWAPILIB\Race.cpp" />
    <ClCompile Include="..\src\bwapi\BWAPILIB\Region.cpp" />
    <ClCompile Include="..\src\bwapi\BWAPILIB\Regionset.cpp" />
    <ClCompile Include="..\src\bwapi\BWAPILIB\Streams.cpp" />
    <ClCompile Include="..\src\bwapi\BWAPILIB\TechType.cpp" />
    <ClCompile Include="..\src\bwapi\BWAPILIB\Unit.cpp" />
    <ClCompile Include="..\src\bwapi\BWAPILIB\UnitCommand.cpp" />
    <ClCompile Include="..\src\bwapi\BWAPILIB\UnitCommandType.cpp" />
    <ClCompile Include="..\src\bwapi\BWAPILIB\Unitset.cpp" />
    <ClCompile Include="..\src\bwapi\BWAPILIB\UnitSizeType.cpp" />
    <ClCompile Include="..\src\bwapi\BWAPILIB\UnitType.cpp" />
    <ClCompile Include="..\src\bwapi\BWAPILIB\UpgradeType.cpp" />
    <ClCompile Include="..\src\bwapi\BWAPILIB\WeaponType.cpp" />
    <ClCompile Include="..\src\bwapi\shared\BulletShared.cpp" />
    <ClCompile Include="..\src\bwapi\shared\ForceShared.cpp" />
    <ClCompile Include="..\src\bwapi\shared\GameShared.cpp" />
    <ClCompile Include="..\src\bwapi\shared\PlayerShared.cpp" />
    <ClCompile Include="..\src\bwapi\shared\RegionShared.cpp" />
    <ClCompile Include="..\src\bwapi\shared\UnitShared.cpp" />
  </ItemGroup>
  <ItemGroup>
    <ClInclude Include="..\src\bwapi\BWAPIClient\Command.h" />
    <ClInclude Include="..\src\bwapi\BWAPIClient\Convenience.h" />
    <ClInclude Include="..\src\bwapi\shared\Templates.h" />
  </ItemGroup>
</Project>